// !$*UTF8*$!
{
	archiveVersion = 1;
	classes = {
	};
	objectVersion = 46;
	objects = {

/* Begin PBXBuildFile section */
		4513B7211AB7621D005649B9 /* Scanner.swift in Sources */ = {isa = PBXBuildFile; fileRef = 4513B71F1AB7621D005649B9 /* Scanner.swift */; };
		4513B7221AB7621D005649B9 /* Parser.swift in Sources */ = {isa = PBXBuildFile; fileRef = 4513B7201AB7621D005649B9 /* Parser.swift */; };
		4513B7261AB76231005649B9 /* main.swift in Sources */ = {isa = PBXBuildFile; fileRef = 4513B7251AB76231005649B9 /* main.swift */; };
		4513B7281AB76369005649B9 /* Utilities.swift in Sources */ = {isa = PBXBuildFile; fileRef = 4513B7271AB76369005649B9 /* Utilities.swift */; };
		4513B72A1AB763C7005649B9 /* CharacterSet.swift in Sources */ = {isa = PBXBuildFile; fileRef = 4513B7291AB763C7005649B9 /* CharacterSet.swift */; };
/* End PBXBuildFile section */

/* Begin PBXCopyFilesBuildPhase section */
		4513B7121AB76180005649B9 /* CopyFiles */ = {
			isa = PBXCopyFilesBuildPhase;
			buildActionMask = 2147483647;
			dstPath = /usr/share/man/man1/;
			dstSubfolderSpec = 0;
			files = (
			);
			runOnlyForDeploymentPostprocessing = 1;
		};
/* End PBXCopyFilesBuildPhase section */

/* Begin PBXFileReference section */
		4513B7141AB76180005649B9 /* SwiftParsing */ = {isa = PBXFileReference; explicitFileType = "compiled.mach-o.executable"; includeInIndex = 0; path = SwiftParsing; sourceTree = BUILT_PRODUCTS_DIR; };
		4513B71E1AB7621C005649B9 /* SwiftParsing-Bridging-Header.h */ = {isa = PBXFileReference; lastKnownFileType = sourcecode.c.h; path = "SwiftParsing-Bridging-Header.h"; sourceTree = "<group>"; };
		4513B71F1AB7621D005649B9 /* Scanner.swift */ = {isa = PBXFileReference; fileEncoding = 4; lastKnownFileType = sourcecode.swift; path = Scanner.swift; sourceTree = "<group>"; };
		4513B7201AB7621D005649B9 /* Parser.swift */ = {isa = PBXFileReference; fileEncoding = 4; lastKnownFileType = sourcecode.swift; path = Parser.swift; sourceTree = "<group>"; };
		4513B7251AB76231005649B9 /* main.swift */ = {isa = PBXFileReference; fileEncoding = 4; lastKnownFileType = sourcecode.swift; path = main.swift; sourceTree = "<group>"; };
		4513B7271AB76369005649B9 /* Utilities.swift */ = {isa = PBXFileReference; fileEncoding = 4; lastKnownFileType = sourcecode.swift; path = Utilities.swift; sourceTree = "<group>"; };
		4513B7291AB763C7005649B9 /* CharacterSet.swift */ = {isa = PBXFileReference; fileEncoding = 4; lastKnownFileType = sourcecode.swift; path = CharacterSet.swift; sourceTree = "<group>"; };
/* End PBXFileReference section */

/* Begin PBXFrameworksBuildPhase section */
		4513B7111AB76180005649B9 /* Frameworks */ = {
			isa = PBXFrameworksBuildPhase;
			buildActionMask = 2147483647;
			files = (
			);
			runOnlyForDeploymentPostprocessing = 0;
		};
/* End PBXFrameworksBuildPhase section */

/* Begin PBXGroup section */
		4513B70B1AB76180005649B9 = {
			isa = PBXGroup;
			children = (
				4513B7161AB76180005649B9 /* SwiftParsing */,
				4513B7151AB76180005649B9 /* Products */,
			);
			sourceTree = "<group>";
		};
		4513B7151AB76180005649B9 /* Products */ = {
			isa = PBXGroup;
			children = (
				4513B7141AB76180005649B9 /* SwiftParsing */,
			);
			name = Products;
			sourceTree = "<group>";
		};
		4513B7161AB76180005649B9 /* SwiftParsing */ = {
			isa = PBXGroup;
			children = (
				4513B71E1AB7621C005649B9 /* SwiftParsing-Bridging-Header.h */,
				4513B71F1AB7621D005649B9 /* Scanner.swift */,
				4513B7271AB76369005649B9 /* Utilities.swift */,
				4513B7291AB763C7005649B9 /* CharacterSet.swift */,
				4513B7201AB7621D005649B9 /* Parser.swift */,
				4513B7251AB76231005649B9 /* main.swift */,
			);
			path = SwiftParsing;
			sourceTree = "<group>";
		};
/* End PBXGroup section */

/* Begin PBXNativeTarget section */
		4513B7131AB76180005649B9 /* SwiftParsing */ = {
			isa = PBXNativeTarget;
			buildConfigurationList = 4513B71B1AB76180005649B9 /* Build configuration list for PBXNativeTarget "SwiftParsing" */;
			buildPhases = (
				4513B7101AB76180005649B9 /* Sources */,
				4513B7111AB76180005649B9 /* Frameworks */,
				4513B7121AB76180005649B9 /* CopyFiles */,
			);
			buildRules = (
			);
			dependencies = (
			);
			name = SwiftParsing;
			productName = SwiftParsing;
			productReference = 4513B7141AB76180005649B9 /* SwiftParsing */;
			productType = "com.apple.product-type.tool";
		};
/* End PBXNativeTarget section */

/* Begin PBXProject section */
		4513B70C1AB76180005649B9 /* Project object */ = {
			isa = PBXProject;
			attributes = {
				LastUpgradeCheck = 0630;
				ORGANIZATIONNAME = schwa;
				TargetAttributes = {
					4513B7131AB76180005649B9 = {
						CreatedOnToolsVersion = 6.3;
					};
				};
			};
			buildConfigurationList = 4513B70F1AB76180005649B9 /* Build configuration list for PBXProject "SwiftParsing" */;
			compatibilityVersion = "Xcode 3.2";
			developmentRegion = English;
			hasScannedForEncodings = 0;
			knownRegions = (
				en,
			);
			mainGroup = 4513B70B1AB76180005649B9;
			productRefGroup = 4513B7151AB76180005649B9 /* Products */;
			projectDirPath = "";
			projectRoot = "";
			targets = (
				4513B7131AB76180005649B9 /* SwiftParsing */,
			);
		};
/* End PBXProject section */

/* Begin PBXSourcesBuildPhase section */
		4513B7101AB76180005649B9 /* Sources */ = {
			isa = PBXSourcesBuildPhase;
			buildActionMask = 2147483647;
			files = (
				4513B7211AB7621D005649B9 /* Scanner.swift in Sources */,
				4513B7261AB76231005649B9 /* main.swift in Sources */,
				4513B7281AB76369005649B9 /* Utilities.swift in Sources */,
				4513B72A1AB763C7005649B9 /* CharacterSet.swift in Sources */,
				4513B7221AB7621D005649B9 /* Parser.swift in Sources */,
			);
			runOnlyForDeploymentPostprocessing = 0;
		};
/* End PBXSourcesBuildPhase section */

/* Begin XCBuildConfiguration section */
		4513B7191AB76180005649B9 /* Debug */ = {
			isa = XCBuildConfiguration;
			buildSettings = {
				ALWAYS_SEARCH_USER_PATHS = NO;
				CLANG_CXX_LANGUAGE_STANDARD = "gnu++0x";
				CLANG_CXX_LIBRARY = "libc++";
				CLANG_ENABLE_MODULES = YES;
				CLANG_ENABLE_OBJC_ARC = YES;
				CLANG_WARN_BOOL_CONVERSION = YES;
				CLANG_WARN_CONSTANT_CONVERSION = YES;
				CLANG_WARN_DIRECT_OBJC_ISA_USAGE = YES_ERROR;
				CLANG_WARN_EMPTY_BODY = YES;
				CLANG_WARN_ENUM_CONVERSION = YES;
				CLANG_WARN_INT_CONVERSION = YES;
				CLANG_WARN_OBJC_ROOT_CLASS = YES_ERROR;
				CLANG_WARN_UNREACHABLE_CODE = YES;
				CLANG_WARN__DUPLICATE_METHOD_MATCH = YES;
				COPY_PHASE_STRIP = NO;
				DEBUG_INFORMATION_FORMAT = dwarf;
				ENABLE_STRICT_OBJC_MSGSEND = YES;
				GCC_C_LANGUAGE_STANDARD = gnu99;
				GCC_DYNAMIC_NO_PIC = NO;
				GCC_NO_COMMON_BLOCKS = YES;
				GCC_OPTIMIZATION_LEVEL = 0;
				GCC_PREPROCESSOR_DEFINITIONS = (
					"DEBUG=1",
					"$(inherited)",
				);
				GCC_SYMBOLS_PRIVATE_EXTERN = NO;
				GCC_WARN_64_TO_32_BIT_CONVERSION = YES;
				GCC_WARN_ABOUT_RETURN_TYPE = YES_ERROR;
				GCC_WARN_UNDECLARED_SELECTOR = YES;
				GCC_WARN_UNINITIALIZED_AUTOS = YES_AGGRESSIVE;
				GCC_WARN_UNUSED_FUNCTION = YES;
				GCC_WARN_UNUSED_VARIABLE = YES;
				MACOSX_DEPLOYMENT_TARGET = 10.10;
				MTL_ENABLE_DEBUG_INFO = YES;
				ONLY_ACTIVE_ARCH = YES;
				SDKROOT = macosx;
			};
			name = Debug;
		};
		4513B71A1AB76180005649B9 /* Release */ = {
			isa = XCBuildConfiguration;
			buildSettings = {
				ALWAYS_SEARCH_USER_PATHS = NO;
				CLANG_CXX_LANGUAGE_STANDARD = "gnu++0x";
				CLANG_CXX_LIBRARY = "libc++";
				CLANG_ENABLE_MODULES = YES;
				CLANG_ENABLE_OBJC_ARC = YES;
				CLANG_WARN_BOOL_CONVERSION = YES;
				CLANG_WARN_CONSTANT_CONVERSION = YES;
				CLANG_WARN_DIRECT_OBJC_ISA_USAGE = YES_ERROR;
				CLANG_WARN_EMPTY_BODY = YES;
				CLANG_WARN_ENUM_CONVERSION = YES;
				CLANG_WARN_INT_CONVERSION = YES;
				CLANG_WARN_OBJC_ROOT_CLASS = YES_ERROR;
				CLANG_WARN_UNREACHABLE_CODE = YES;
				CLANG_WARN__DUPLICATE_METHOD_MATCH = YES;
				COPY_PHASE_STRIP = NO;
				DEBUG_INFORMATION_FORMAT = "dwarf-with-dsym";
				ENABLE_NS_ASSERTIONS = NO;
				ENABLE_STRICT_OBJC_MSGSEND = YES;
				GCC_C_LANGUAGE_STANDARD = gnu99;
				GCC_NO_COMMON_BLOCKS = YES;
				GCC_WARN_64_TO_32_BIT_CONVERSION = YES;
				GCC_WARN_ABOUT_RETURN_TYPE = YES_ERROR;
				GCC_WARN_UNDECLARED_SELECTOR = YES;
				GCC_WARN_UNINITIALIZED_AUTOS = YES_AGGRESSIVE;
				GCC_WARN_UNUSED_FUNCTION = YES;
				GCC_WARN_UNUSED_VARIABLE = YES;
				MACOSX_DEPLOYMENT_TARGET = 10.10;
				MTL_ENABLE_DEBUG_INFO = NO;
				SDKROOT = macosx;
			};
			name = Release;
		};
		4513B71C1AB76180005649B9 /* Debug */ = {
			isa = XCBuildConfiguration;
			buildSettings = {
				CLANG_ENABLE_MODULES = YES;
				LD_RUNPATH_SEARCH_PATHS = "$(inherited) @executable_path/../Frameworks @loader_path/../Frameworks";
				PRODUCT_NAME = "$(TARGET_NAME)";
				SWIFT_OBJC_BRIDGING_HEADER = "SwiftParsing/SwiftParsing-Bridging-Header.h";
				SWIFT_OPTIMIZATION_LEVEL = "-Onone";
			};
			name = Debug;
		};
		4513B71D1AB76180005649B9 /* Release */ = {
			isa = XCBuildConfiguration;
			buildSettings = {
				CLANG_ENABLE_MODULES = YES;
				LD_RUNPATH_SEARCH_PATHS = "$(inherited) @executable_path/../Frameworks @loader_path/../Frameworks";
				PRODUCT_NAME = "$(TARGET_NAME)";
				SWIFT_OBJC_BRIDGING_HEADER = "SwiftParsing/SwiftParsing-Bridging-Header.h";
			};
			name = Release;
		};
/* End XCBuildConfiguration section */

/* Begin XCConfigurationList section */
		4513B70F1AB76180005649B9 /* Build configuration list for PBXProject "SwiftParsing" */ = {
			isa = XCConfigurationList;
			buildConfigurations = (
				4513B7191AB76180005649B9 /* Debug */,
				4513B71A1AB76180005649B9 /* Release */,
			);
			defaultConfigurationIsVisible = 0;
			defaultConfigurationName = Release;
		};
		4513B71B1AB76180005649B9 /* Build configuration list for PBXNativeTarget "SwiftParsing" */ = {
			isa = XCConfigurationList;
			buildConfigurations = (
				4513B71C1AB76180005649B9 /* Debug */,
				4513B71D1AB76180005649B9 /* Release */,
			);
			defaultConfigurationIsVisible = 0;
		};
/* End XCConfigurationList section */
	};
	rootObject = 4513B70C1AB76180005649B9 /* Project object */;
}
